
Microsoft Visual Studio Solution File, Format Version 12.00
# Visual Studio Version 17
VisualStudioVersion = 17.4.33205.214
MinimumVisualStudioVersion = 10.0.40219.1
Project("{FAE04EC0-301F-11D3-BF4B-00C04F79EFBC}") = "BL", "BL\BL.csproj", "{9D05A50F-5FCE-4D06-97C5-0B9EB817B1F8}"
EndProject
Project("{FAE04EC0-301F-11D3-BF4B-00C04F79EFBC}") = "ML", "ML\ML.csproj", "{95ECFABA-EB7C-4DA7-BB8E-D09100F8C836}"
EndProject
Project("{FAE04EC0-301F-11D3-BF4B-00C04F79EFBC}") = "DL", "DL\DL.csproj", "{842D8E17-36D6-46F8-9777-86EA7FDEC8F8}"
EndProject
Project("{FAE04EC0-301F-11D3-BF4B-00C04F79EFBC}") = "PL", "PL\PL.csproj", "{B54AC357-CF0B-40A3-AD82-14EF07E91E5B}"
EndProject
Global
	GlobalSection(SolutionConfigurationPlatforms) = preSolution
		Debug|Any CPU = Debug|Any CPU
		Release|Any CPU = Release|Any CPU
	EndGlobalSection
	GlobalSection(ProjectConfigurationPlatforms) = postSolution
		{9D05A50F-5FCE-4D06-97C5-0B9EB817B1F8}.Debug|Any CPU.ActiveCfg = Debug|Any CPU
		{9D05A50F-5FCE-4D06-97C5-0B9EB817B1F8}.Debug|Any CPU.Build.0 = Debug|Any CPU
		{9D05A50F-5FCE-4D06-97C5-0B9EB817B1F8}.Release|Any CPU.ActiveCfg = Release|Any CPU
		{9D05A50F-5FCE-4D06-97C5-0B9EB817B1F8}.Release|Any CPU.Build.0 = Release|Any CPU
		{95ECFABA-EB7C-4DA7-BB8E-D09100F8C836}.Debug|Any CPU.ActiveCfg = Debug|Any CPU
		{95ECFABA-EB7C-4DA7-BB8E-D09100F8C836}.Debug|Any CPU.Build.0 = Debug|Any CPU
		{95ECFABA-EB7C-4DA7-BB8E-D09100F8C836}.Release|Any CPU.ActiveCfg = Release|Any CPU
		{95ECFABA-EB7C-4DA7-BB8E-D09100F8C836}.Release|Any CPU.Build.0 = Release|Any CPU
		{842D8E17-36D6-46F8-9777-86EA7FDEC8F8}.Debug|Any CPU.ActiveCfg = Debug|Any CPU
		{842D8E17-36D6-46F8-9777-86EA7FDEC8F8}.Debug|Any CPU.Build.0 = Debug|Any CPU
		{842D8E17-36D6-46F8-9777-86EA7FDEC8F8}.Release|Any CPU.ActiveCfg = Release|Any CPU
		{842D8E17-36D6-46F8-9777-86EA7FDEC8F8}.Release|Any CPU.Build.0 = Release|Any CPU
		{B54AC357-CF0B-40A3-AD82-14EF07E91E5B}.Debug|Any CPU.ActiveCfg = Debug|Any CPU
		{B54AC357-CF0B-40A3-AD82-14EF07E91E5B}.Debug|Any CPU.Build.0 = Debug|Any CPU
		{B54AC357-CF0B-40A3-AD82-14EF07E91E5B}.Release|Any CPU.ActiveCfg = Release|Any CPU
		{B54AC357-CF0B-40A3-AD82-14EF07E91E5B}.Release|Any CPU.Build.0 = Release|Any CPU
	EndGlobalSection
	GlobalSection(SolutionProperties) = preSolution
		HideSolutionNode = FALSE
	EndGlobalSection
	GlobalSection(ExtensibilityGlobals) = postSolution
		SolutionGuid = {F7491A0B-E827-42DA-BBA9-7985EA5B94DB}
	EndGlobalSection
EndGlobal
